{
  "requires": true,
  "lockfileVersion": 1,
  "dependencies": {
    "npxc": {
      "version": "0.0.1",
      "resolved": "https://registry.npmjs.org/npxc/-/npxc-0.0.1.tgz",
      "integrity": "sha512-Xq0w5LSN0hT80JmfEu38DxiTynJVMLw6s9akWp5r307VHkQ+DH3nsi8Rt52AuM/OyoEPA7DEOd1lL/DD/xYfwg=="
    }
  }
}
