{
  "name": "picasso-plugin-hammer",
  "version": "0.7.0",
  "lockfileVersion": 1,
  "requires": true,
  "dependencies": {
    "npxc": {
      "version": "0.0.3",
      "resolved": "https://registry.npmjs.org/npxc/-/npxc-0.0.3.tgz",
      "integrity": "sha512-f6x780LugNc6ZtzyeEb6RKCXQZOzZKmHRa/Oa8XI/Lux0pQQi+8h1d16QkJam9oBj3F7OEsWO8bI/JH8DdOqTQ==",
      "dev": true
    },
    "test-utils": {
      "version": "file:../../packages/test-utils",
      "dev": true
    }
  }
}
